// !$*UTF8*$!
{
	archiveVersion = 1;
	classes = {
	};
	objectVersion = 46;
	objects = {

/* Begin PBXBuildFile section */
		0FABE4C9999D4A486DA942D5 /* libPods-Contact SelectorUITests.a in Frameworks */ = {isa = PBXBuildFile; fileRef = 27BCF9E1FC31AFA068BD64E3 /* libPods-Contact SelectorUITests.a */; };
		26DCB320193E9CEC657C1E1B /* libPods-Contact SelectorTests.a in Frameworks */ = {isa = PBXBuildFile; fileRef = A7DDF31D6C8021AB98088802 /* libPods-Contact SelectorTests.a */; };
		578EDD1139B8D87DEA011F52 /* libPods-Contact Selector Block.a in Frameworks */ = {isa = PBXBuildFile; fileRef = 403BF93407882A1430452A16 /* libPods-Contact Selector Block.a */; };
		8A0D00411E5D467B002B0C67 /* FBSDKLoginKit.framework in Frameworks */ = {isa = PBXBuildFile; fileRef = 8A0D00371E5D467B002B0C67 /* FBSDKLoginKit.framework */; };
		8A0D00431E5D467B002B0C67 /* FBSDKShareKit.framework in Frameworks */ = {isa = PBXBuildFile; fileRef = 8A0D00391E5D467B002B0C67 /* FBSDKShareKit.framework */; };
		8A0D00461E5D467B002B0C67 /* Bolts.framework in Frameworks */ = {isa = PBXBuildFile; fileRef = 8A0D003C1E5D467B002B0C67 /* Bolts.framework */; };
		8A0D004A1E5D467B002B0C67 /* FBSDKCoreKit.framework in Frameworks */ = {isa = PBXBuildFile; fileRef = 8A0D00401E5D467B002B0C67 /* FBSDKCoreKit.framework */; };
		8A6B9D351E652A4C002ACB87 /* CSCallHistoryManager.m in Sources */ = {isa = PBXBuildFile; fileRef = 8A6B9D341E652A4C002ACB87 /* CSCallHistoryManager.m */; };
		8A6B9D3E1E652C81002ACB87 /* CSCall.m in Sources */ = {isa = PBXBuildFile; fileRef = 8A6B9D3D1E652C81002ACB87 /* CSCall.m */; };
		8A6B9D411E655067002ACB87 /* CallCell.m in Sources */ = {isa = PBXBuildFile; fileRef = 8A6B9D401E655067002ACB87 /* CallCell.m */; };
		8AF6AC3D1E5D8091004F84FA /* FBContactProvider.m in Sources */ = {isa = PBXBuildFile; fileRef = 8AF6AC3C1E5D8091004F84FA /* FBContactProvider.m */; };
		8AF6AC3F1E5D8310004F84FA /* AccountKit.framework in Frameworks */ = {isa = PBXBuildFile; fileRef = 8AF6AC3E1E5D8310004F84FA /* AccountKit.framework */; };
		948C32971E62A44E001F235D /* CallDirectoryHandler.m in Sources */ = {isa = PBXBuildFile; fileRef = 948C32961E62A44E001F235D /* CallDirectoryHandler.m */; };
		948C329B1E62A44E001F235D /* Contact Selector Block.appex in Embed App Extensions */ = {isa = PBXBuildFile; fileRef = 948C32931E62A44E001F235D /* Contact Selector Block.appex */; settings = {ATTRIBUTES = (RemoveHeadersOnCopy, ); }; };
		948C32A11E62B2CE001F235D /* libsqlite3.tbd in Frameworks */ = {isa = PBXBuildFile; fileRef = 948C32A01E62B2CE001F235D /* libsqlite3.tbd */; };
		948C32A21E62B2D8001F235D /* libsqlite3.tbd in Frameworks */ = {isa = PBXBuildFile; fileRef = 948C32A01E62B2CE001F235D /* libsqlite3.tbd */; };
		948C32AA1E62DC04001F235D /* CSBlockDatebaseManager.m in Sources */ = {isa = PBXBuildFile; fileRef = 948C32A91E62DC04001F235D /* CSBlockDatebaseManager.m */; };
		948C32AC1E62F02F001F235D /* TestCSBlockDatabaseManager.m in Sources */ = {isa = PBXBuildFile; fileRef = 948C32AB1E62F02F001F235D /* TestCSBlockDatabaseManager.m */; };
		E90A5A55B46885D16176EBD4 /* libPods-Contact Selector.a in Frameworks */ = {isa = PBXBuildFile; fileRef = 942CF2838AAFD29F331FE0A4 /* libPods-Contact Selector.a */; };
		F28603FF1E63D10F002B5709 /* CSModel.m in Sources */ = {isa = PBXBuildFile; fileRef = F2F31FA71E5AC816007405A7 /* CSModel.m */; };
		F28604001E63D113002B5709 /* CSContact.m in Sources */ = {isa = PBXBuildFile; fileRef = F2F31F8F1E516221007405A7 /* CSContact.m */; };
		F28604011E63D127002B5709 /* CSBlockDatebaseManager.m in Sources */ = {isa = PBXBuildFile; fileRef = 948C32A91E62DC04001F235D /* CSBlockDatebaseManager.m */; };
		F28604031E63D752002B5709 /* Contact.storyboard in Resources */ = {isa = PBXBuildFile; fileRef = F28604021E63D752002B5709 /* Contact.storyboard */; };
		F28604061E63E005002B5709 /* BlockPhoneViewController.m in Sources */ = {isa = PBXBuildFile; fileRef = F28604051E63E005002B5709 /* BlockPhoneViewController.m */; };
		F28604091E63E5EE002B5709 /* BlockPhoneTableViewCell.m in Sources */ = {isa = PBXBuildFile; fileRef = F28604081E63E5EE002B5709 /* BlockPhoneTableViewCell.m */; };
		F286040E1E640F7F002B5709 /* BlockNumberProvider.m in Sources */ = {isa = PBXBuildFile; fileRef = F286040D1E640F7F002B5709 /* BlockNumberProvider.m */; };
		F286040F1E64120D002B5709 /* CSDatabaseManager.m in Sources */ = {isa = PBXBuildFile; fileRef = 948C32A51E62CB5E001F235D /* CSDatabaseManager.m */; };
		F28604101E64120E002B5709 /* CSDatabaseManager.m in Sources */ = {isa = PBXBuildFile; fileRef = 948C32A51E62CB5E001F235D /* CSDatabaseManager.m */; };
		F28604141E642331002B5709 /* ContactDetailViewController.m in Sources */ = {isa = PBXBuildFile; fileRef = F28604131E642331002B5709 /* ContactDetailViewController.m */; };
		F28604161E64233E002B5709 /* ContactDetail.storyboard in Resources */ = {isa = PBXBuildFile; fileRef = F28604151E64233E002B5709 /* ContactDetail.storyboard */; };
		F286041A1E642D81002B5709 /* TopContactDetailCell.m in Sources */ = {isa = PBXBuildFile; fileRef = F28604191E642D81002B5709 /* TopContactDetailCell.m */; };
		F286041F1E655E16002B5709 /* CallObserver.m in Sources */ = {isa = PBXBuildFile; fileRef = F286041E1E655E16002B5709 /* CallObserver.m */; };
		F28604221E656026002B5709 /* CallManagement.m in Sources */ = {isa = PBXBuildFile; fileRef = F28604211E656026002B5709 /* CallManagement.m */; };
		F2F31F551E515E2C007405A7 /* main.m in Sources */ = {isa = PBXBuildFile; fileRef = F2F31F541E515E2C007405A7 /* main.m */; };
		F2F31F581E515E2C007405A7 /* AppDelegate.m in Sources */ = {isa = PBXBuildFile; fileRef = F2F31F571E515E2C007405A7 /* AppDelegate.m */; };
		F2F31F5B1E515E2C007405A7 /* ContactSelectorViewController.m in Sources */ = {isa = PBXBuildFile; fileRef = F2F31F5A1E515E2C007405A7 /* ContactSelectorViewController.m */; };
		F2F31F5E1E515E2C007405A7 /* Main.storyboard in Resources */ = {isa = PBXBuildFile; fileRef = F2F31F5C1E515E2C007405A7 /* Main.storyboard */; };
		F2F31F601E515E2C007405A7 /* Assets.xcassets in Resources */ = {isa = PBXBuildFile; fileRef = F2F31F5F1E515E2C007405A7 /* Assets.xcassets */; };
		F2F31F631E515E2C007405A7 /* LaunchScreen.storyboard in Resources */ = {isa = PBXBuildFile; fileRef = F2F31F611E515E2C007405A7 /* LaunchScreen.storyboard */; };
		F2F31F6E1E515E2C007405A7 /* Contact_SelectorTests.m in Sources */ = {isa = PBXBuildFile; fileRef = F2F31F6D1E515E2C007405A7 /* Contact_SelectorTests.m */; };
		F2F31F791E515E2C007405A7 /* Contact_SelectorUITests.m in Sources */ = {isa = PBXBuildFile; fileRef = F2F31F781E515E2C007405A7 /* Contact_SelectorUITests.m */; };
		F2F31F901E516221007405A7 /* CSContact.m in Sources */ = {isa = PBXBuildFile; fileRef = F2F31F8F1E516221007405A7 /* CSContact.m */; };
		F2F31F971E51B06B007405A7 /* CSContactTableViewCell.m in Sources */ = {isa = PBXBuildFile; fileRef = F2F31F961E51B06B007405A7 /* CSContactTableViewCell.m */; };
		F2F31F9A1E51B184007405A7 /* CSThumbnailView.m in Sources */ = {isa = PBXBuildFile; fileRef = F2F31F991E51B184007405A7 /* CSThumbnailView.m */; };
		F2F31F9D1E52B2B5007405A7 /* CSSelectedContactCollectionViewCell.m in Sources */ = {isa = PBXBuildFile; fileRef = F2F31F9C1E52B2B5007405A7 /* CSSelectedContactCollectionViewCell.m */; };
		F2F31FA11E56E187007405A7 /* CSSearchNoResultTableViewCell.m in Sources */ = {isa = PBXBuildFile; fileRef = F2F31FA01E56E187007405A7 /* CSSearchNoResultTableViewCell.m */; };
		F2F31FA81E5AC816007405A7 /* CSModel.m in Sources */ = {isa = PBXBuildFile; fileRef = F2F31FA71E5AC816007405A7 /* CSModel.m */; };
		F2F31FAB1E5AC9EB007405A7 /* CSDataProvider.m in Sources */ = {isa = PBXBuildFile; fileRef = F2F31FAA1E5AC9EB007405A7 /* CSDataProvider.m */; };
		F2F31FAE1E5ACAE0007405A7 /* CSDataBusiness.m in Sources */ = {isa = PBXBuildFile; fileRef = F2F31FAD1E5ACAE0007405A7 /* CSDataBusiness.m */; };
		F2F31FB81E5AE943007405A7 /* CSContactProvider.m in Sources */ = {isa = PBXBuildFile; fileRef = F2F31FB71E5AE943007405A7 /* CSContactProvider.m */; };
		F2F31FBB1E5AEA88007405A7 /* CSContactBusiness.m in Sources */ = {isa = PBXBuildFile; fileRef = F2F31FBA1E5AEA88007405A7 /* CSContactBusiness.m */; };
		F2F31FC11E5AF03D007405A7 /* MainViewController.m in Sources */ = {isa = PBXBuildFile; fileRef = F2F31FC01E5AF03D007405A7 /* MainViewController.m */; };
		F2F31FC51E5AFA9D007405A7 /* CSPresenterViewController.m in Sources */ = {isa = PBXBuildFile; fileRef = F2F31FC31E5AFA9D007405A7 /* CSPresenterViewController.m */; };
		F2F31FC81E5AFB08007405A7 /* ContactSelector.storyboard in Resources */ = {isa = PBXBuildFile; fileRef = F2F31FC71E5AFB08007405A7 /* ContactSelector.storyboard */; };
		F2F31FCC1E5BF37E007405A7 /* LRUCache.m in Sources */ = {isa = PBXBuildFile; fileRef = F2F31FCB1E5BF37E007405A7 /* LRUCache.m */; };
		F2F31FD01E5BF3A1007405A7 /* LRUCacheItem.m in Sources */ = {isa = PBXBuildFile; fileRef = F2F31FCF1E5BF3A1007405A7 /* LRUCacheItem.m */; };
		F2F31FD41E5BF59E007405A7 /* LRUCacheDisk.m in Sources */ = {isa = PBXBuildFile; fileRef = F2F31FD31E5BF59E007405A7 /* LRUCacheDisk.m */; };
		F2F31FD71E5C2F51007405A7 /* LRUFileUtils.m in Sources */ = {isa = PBXBuildFile; fileRef = F2F31FD61E5C2F51007405A7 /* LRUFileUtils.m */; };
		F2F31FE01E5FF54E007405A7 /* CSThumbnailCreater.m in Sources */ = {isa = PBXBuildFile; fileRef = F2F31FDF1E5FF54E007405A7 /* CSThumbnailCreater.m */; };
		F2F31FE31E5FF558007405A7 /* CSThumbnailEngine.m in Sources */ = {isa = PBXBuildFile; fileRef = F2F31FE21E5FF558007405A7 /* CSThumbnailEngine.m */; };
		F2F31FEA1E602895007405A7 /* MainTabBarController.m in Sources */ = {isa = PBXBuildFile; fileRef = F2F31FE81E602895007405A7 /* MainTabBarController.m */; };
		F2F31FED1E602A6D007405A7 /* Call.storyboard in Resources */ = {isa = PBXBuildFile; fileRef = F2F31FEC1E602A6D007405A7 /* Call.storyboard */; };
		F2F31FF01E602BCB007405A7 /* CallViewController.m in Sources */ = {isa = PBXBuildFile; fileRef = F2F31FEF1E602BCB007405A7 /* CallViewController.m */; };
		F2F31FF31E602C52007405A7 /* BlockViewController.m in Sources */ = {isa = PBXBuildFile; fileRef = F2F31FF21E602C52007405A7 /* BlockViewController.m */; };
		F2F31FF51E602C5F007405A7 /* Block.storyboard in Resources */ = {isa = PBXBuildFile; fileRef = F2F31FF41E602C5F007405A7 /* Block.storyboard */; };
		F2F31FFD1E6031D2007405A7 /* ContactViewController.m in Sources */ = {isa = PBXBuildFile; fileRef = F2F31FFC1E6031D2007405A7 /* ContactViewController.m */; };
/* End PBXBuildFile section */

/* Begin PBXContainerItemProxy section */
		948C32991E62A44E001F235D /* PBXContainerItemProxy */ = {
			isa = PBXContainerItemProxy;
			containerPortal = F2F31F481E515E2B007405A7 /* Project object */;
			proxyType = 1;
			remoteGlobalIDString = 948C32921E62A44E001F235D;
			remoteInfo = "Contact Selector Block";
		};
		F2F31F6A1E515E2C007405A7 /* PBXContainerItemProxy */ = {
			isa = PBXContainerItemProxy;
			containerPortal = F2F31F481E515E2B007405A7 /* Project object */;
			proxyType = 1;
			remoteGlobalIDString = F2F31F4F1E515E2C007405A7;
			remoteInfo = "Contact Selector";
		};
		F2F31F751E515E2C007405A7 /* PBXContainerItemProxy */ = {
			isa = PBXContainerItemProxy;
			containerPortal = F2F31F481E515E2B007405A7 /* Project object */;
			proxyType = 1;
			remoteGlobalIDString = F2F31F4F1E515E2C007405A7;
			remoteInfo = "Contact Selector";
		};
/* End PBXContainerItemProxy section */

/* Begin PBXCopyFilesBuildPhase section */
		948C329F1E62A44E001F235D /* Embed App Extensions */ = {
			isa = PBXCopyFilesBuildPhase;
			buildActionMask = 2147483647;
			dstPath = "";
			dstSubfolderSpec = 13;
			files = (
				948C329B1E62A44E001F235D /* Contact Selector Block.appex in Embed App Extensions */,
			);
			name = "Embed App Extensions";
			runOnlyForDeploymentPostprocessing = 0;
		};
/* End PBXCopyFilesBuildPhase section */

/* Begin PBXFileReference section */
		1E00B9514368C1F1571C2AC5 /* Pods-Contact SelectorUITests.release.xcconfig */ = {isa = PBXFileReference; includeInIndex = 1; lastKnownFileType = text.xcconfig; name = "Pods-Contact SelectorUITests.release.xcconfig"; path = "Pods/Target Support Files/Pods-Contact SelectorUITests/Pods-Contact SelectorUITests.release.xcconfig"; sourceTree = "<group>"; };
		27BCF9E1FC31AFA068BD64E3 /* libPods-Contact SelectorUITests.a */ = {isa = PBXFileReference; explicitFileType = archive.ar; includeInIndex = 0; path = "libPods-Contact SelectorUITests.a"; sourceTree = BUILT_PRODUCTS_DIR; };
		403BF93407882A1430452A16 /* libPods-Contact Selector Block.a */ = {isa = PBXFileReference; explicitFileType = archive.ar; includeInIndex = 0; path = "libPods-Contact Selector Block.a"; sourceTree = BUILT_PRODUCTS_DIR; };
		578CA5E5AC92B0DA3C70EB20 /* Pods-Contact SelectorTests.debug.xcconfig */ = {isa = PBXFileReference; includeInIndex = 1; lastKnownFileType = text.xcconfig; name = "Pods-Contact SelectorTests.debug.xcconfig"; path = "Pods/Target Support Files/Pods-Contact SelectorTests/Pods-Contact SelectorTests.debug.xcconfig"; sourceTree = "<group>"; };
		729CE17A86E55A9D607A7D3C /* Pods-Contact SelectorTests.release.xcconfig */ = {isa = PBXFileReference; includeInIndex = 1; lastKnownFileType = text.xcconfig; name = "Pods-Contact SelectorTests.release.xcconfig"; path = "Pods/Target Support Files/Pods-Contact SelectorTests/Pods-Contact SelectorTests.release.xcconfig"; sourceTree = "<group>"; };
		76EA5E48145619366A3202A2 /* Pods-Contact Selector Block.debug.xcconfig */ = {isa = PBXFileReference; includeInIndex = 1; lastKnownFileType = text.xcconfig; name = "Pods-Contact Selector Block.debug.xcconfig"; path = "Pods/Target Support Files/Pods-Contact Selector Block/Pods-Contact Selector Block.debug.xcconfig"; sourceTree = "<group>"; };
		8A0D00371E5D467B002B0C67 /* FBSDKLoginKit.framework */ = {isa = PBXFileReference; lastKnownFileType = wrapper.framework; path = FBSDKLoginKit.framework; sourceTree = "<group>"; };
		8A0D00391E5D467B002B0C67 /* FBSDKShareKit.framework */ = {isa = PBXFileReference; lastKnownFileType = wrapper.framework; path = FBSDKShareKit.framework; sourceTree = "<group>"; };
		8A0D003C1E5D467B002B0C67 /* Bolts.framework */ = {isa = PBXFileReference; lastKnownFileType = wrapper.framework; path = Bolts.framework; sourceTree = "<group>"; };
		8A0D00401E5D467B002B0C67 /* FBSDKCoreKit.framework */ = {isa = PBXFileReference; lastKnownFileType = wrapper.framework; path = FBSDKCoreKit.framework; sourceTree = "<group>"; };
		8A6B9D331E652A4C002ACB87 /* CSCallHistoryManager.h */ = {isa = PBXFileReference; fileEncoding = 4; lastKnownFileType = sourcecode.c.h; path = CSCallHistoryManager.h; sourceTree = "<group>"; };
		8A6B9D341E652A4C002ACB87 /* CSCallHistoryManager.m */ = {isa = PBXFileReference; fileEncoding = 4; lastKnownFileType = sourcecode.c.objc; path = CSCallHistoryManager.m; sourceTree = "<group>"; };
		8A6B9D3C1E652C81002ACB87 /* CSCall.h */ = {isa = PBXFileReference; fileEncoding = 4; lastKnownFileType = sourcecode.c.h; path = CSCall.h; sourceTree = "<group>"; };
		8A6B9D3D1E652C81002ACB87 /* CSCall.m */ = {isa = PBXFileReference; fileEncoding = 4; lastKnownFileType = sourcecode.c.objc; path = CSCall.m; sourceTree = "<group>"; };
		8A6B9D3F1E655067002ACB87 /* CallCell.h */ = {isa = PBXFileReference; fileEncoding = 4; lastKnownFileType = sourcecode.c.h; path = CallCell.h; sourceTree = "<group>"; };
		8A6B9D401E655067002ACB87 /* CallCell.m */ = {isa = PBXFileReference; fileEncoding = 4; lastKnownFileType = sourcecode.c.objc; path = CallCell.m; sourceTree = "<group>"; };
		8AF6AC3B1E5D8091004F84FA /* FBContactProvider.h */ = {isa = PBXFileReference; fileEncoding = 4; lastKnownFileType = sourcecode.c.h; path = FBContactProvider.h; sourceTree = "<group>"; };
		8AF6AC3C1E5D8091004F84FA /* FBContactProvider.m */ = {isa = PBXFileReference; fileEncoding = 4; lastKnownFileType = sourcecode.c.objc; path = FBContactProvider.m; sourceTree = "<group>"; };
		8AF6AC3E1E5D8310004F84FA /* AccountKit.framework */ = {isa = PBXFileReference; lastKnownFileType = wrapper.framework; name = AccountKit.framework; path = ../AccountKit.framework; sourceTree = "<group>"; };
		942CF2838AAFD29F331FE0A4 /* libPods-Contact Selector.a */ = {isa = PBXFileReference; explicitFileType = archive.ar; includeInIndex = 0; path = "libPods-Contact Selector.a"; sourceTree = BUILT_PRODUCTS_DIR; };
		948C32931E62A44E001F235D /* Contact Selector Block.appex */ = {isa = PBXFileReference; explicitFileType = "wrapper.app-extension"; includeInIndex = 0; path = "Contact Selector Block.appex"; sourceTree = BUILT_PRODUCTS_DIR; };
		948C32951E62A44E001F235D /* CallDirectoryHandler.h */ = {isa = PBXFileReference; lastKnownFileType = sourcecode.c.h; path = CallDirectoryHandler.h; sourceTree = "<group>"; };
		948C32961E62A44E001F235D /* CallDirectoryHandler.m */ = {isa = PBXFileReference; lastKnownFileType = sourcecode.c.objc; path = CallDirectoryHandler.m; sourceTree = "<group>"; };
		948C32981E62A44E001F235D /* Info.plist */ = {isa = PBXFileReference; lastKnownFileType = text.plist.xml; path = Info.plist; sourceTree = "<group>"; };
		948C32A01E62B2CE001F235D /* libsqlite3.tbd */ = {isa = PBXFileReference; lastKnownFileType = "sourcecode.text-based-dylib-definition"; name = libsqlite3.tbd; path = usr/lib/libsqlite3.tbd; sourceTree = SDKROOT; };
		948C32A41E62CB5E001F235D /* CSDatabaseManager.h */ = {isa = PBXFileReference; fileEncoding = 4; lastKnownFileType = sourcecode.c.h; path = CSDatabaseManager.h; sourceTree = "<group>"; };
		948C32A51E62CB5E001F235D /* CSDatabaseManager.m */ = {isa = PBXFileReference; fileEncoding = 4; lastKnownFileType = sourcecode.c.objc; path = CSDatabaseManager.m; sourceTree = "<group>"; };
		948C32A81E62DC04001F235D /* CSBlockDatebaseManager.h */ = {isa = PBXFileReference; fileEncoding = 4; lastKnownFileType = sourcecode.c.h; path = CSBlockDatebaseManager.h; sourceTree = "<group>"; };
		948C32A91E62DC04001F235D /* CSBlockDatebaseManager.m */ = {isa = PBXFileReference; fileEncoding = 4; lastKnownFileType = sourcecode.c.objc; path = CSBlockDatebaseManager.m; sourceTree = "<group>"; };
		948C32AB1E62F02F001F235D /* TestCSBlockDatabaseManager.m */ = {isa = PBXFileReference; fileEncoding = 4; lastKnownFileType = sourcecode.c.objc; path = TestCSBlockDatabaseManager.m; sourceTree = "<group>"; };
		A0C761B54E8ABA5DE1E4C01E /* Pods-Contact Selector Block.release.xcconfig */ = {isa = PBXFileReference; includeInIndex = 1; lastKnownFileType = text.xcconfig; name = "Pods-Contact Selector Block.release.xcconfig"; path = "Pods/Target Support Files/Pods-Contact Selector Block/Pods-Contact Selector Block.release.xcconfig"; sourceTree = "<group>"; };
		A7DDF31D6C8021AB98088802 /* libPods-Contact SelectorTests.a */ = {isa = PBXFileReference; explicitFileType = archive.ar; includeInIndex = 0; path = "libPods-Contact SelectorTests.a"; sourceTree = BUILT_PRODUCTS_DIR; };
		C41F8593C1D2E702072891AB /* Pods-Contact SelectorUITests.debug.xcconfig */ = {isa = PBXFileReference; includeInIndex = 1; lastKnownFileType = text.xcconfig; name = "Pods-Contact SelectorUITests.debug.xcconfig"; path = "Pods/Target Support Files/Pods-Contact SelectorUITests/Pods-Contact SelectorUITests.debug.xcconfig"; sourceTree = "<group>"; };
		E02D3DAEDC5DD250CD4B84AD /* Pods-Contact Selector.release.xcconfig */ = {isa = PBXFileReference; includeInIndex = 1; lastKnownFileType = text.xcconfig; name = "Pods-Contact Selector.release.xcconfig"; path = "Pods/Target Support Files/Pods-Contact Selector/Pods-Contact Selector.release.xcconfig"; sourceTree = "<group>"; };
		F28604021E63D752002B5709 /* Contact.storyboard */ = {isa = PBXFileReference; fileEncoding = 4; lastKnownFileType = file.storyboard; path = Contact.storyboard; sourceTree = "<group>"; };
		F28604041E63E005002B5709 /* BlockPhoneViewController.h */ = {isa = PBXFileReference; fileEncoding = 4; lastKnownFileType = sourcecode.c.h; path = BlockPhoneViewController.h; sourceTree = "<group>"; };
		F28604051E63E005002B5709 /* BlockPhoneViewController.m */ = {isa = PBXFileReference; fileEncoding = 4; lastKnownFileType = sourcecode.c.objc; path = BlockPhoneViewController.m; sourceTree = "<group>"; };
		F28604071E63E5EE002B5709 /* BlockPhoneTableViewCell.h */ = {isa = PBXFileReference; fileEncoding = 4; lastKnownFileType = sourcecode.c.h; path = BlockPhoneTableViewCell.h; sourceTree = "<group>"; };
		F28604081E63E5EE002B5709 /* BlockPhoneTableViewCell.m */ = {isa = PBXFileReference; fileEncoding = 4; lastKnownFileType = sourcecode.c.objc; path = BlockPhoneTableViewCell.m; sourceTree = "<group>"; };
		F286040C1E640F7F002B5709 /* BlockNumberProvider.h */ = {isa = PBXFileReference; fileEncoding = 4; lastKnownFileType = sourcecode.c.h; path = BlockNumberProvider.h; sourceTree = "<group>"; };
		F286040D1E640F7F002B5709 /* BlockNumberProvider.m */ = {isa = PBXFileReference; fileEncoding = 4; lastKnownFileType = sourcecode.c.objc; path = BlockNumberProvider.m; sourceTree = "<group>"; };
		F28604121E642331002B5709 /* ContactDetailViewController.h */ = {isa = PBXFileReference; fileEncoding = 4; lastKnownFileType = sourcecode.c.h; path = ContactDetailViewController.h; sourceTree = "<group>"; };
		F28604131E642331002B5709 /* ContactDetailViewController.m */ = {isa = PBXFileReference; fileEncoding = 4; lastKnownFileType = sourcecode.c.objc; path = ContactDetailViewController.m; sourceTree = "<group>"; };
		F28604151E64233E002B5709 /* ContactDetail.storyboard */ = {isa = PBXFileReference; fileEncoding = 4; lastKnownFileType = file.storyboard; path = ContactDetail.storyboard; sourceTree = "<group>"; };
		F28604181E642D81002B5709 /* TopContactDetailCell.h */ = {isa = PBXFileReference; fileEncoding = 4; lastKnownFileType = sourcecode.c.h; path = TopContactDetailCell.h; sourceTree = "<group>"; };
		F28604191E642D81002B5709 /* TopContactDetailCell.m */ = {isa = PBXFileReference; fileEncoding = 4; lastKnownFileType = sourcecode.c.objc; path = TopContactDetailCell.m; sourceTree = "<group>"; };
		F286041D1E655E16002B5709 /* CallObserver.h */ = {isa = PBXFileReference; fileEncoding = 4; lastKnownFileType = sourcecode.c.h; path = CallObserver.h; sourceTree = "<group>"; };
		F286041E1E655E16002B5709 /* CallObserver.m */ = {isa = PBXFileReference; fileEncoding = 4; lastKnownFileType = sourcecode.c.objc; path = CallObserver.m; sourceTree = "<group>"; };
		F28604201E656026002B5709 /* CallManagement.h */ = {isa = PBXFileReference; fileEncoding = 4; lastKnownFileType = sourcecode.c.h; path = CallManagement.h; sourceTree = "<group>"; };
		F28604211E656026002B5709 /* CallManagement.m */ = {isa = PBXFileReference; fileEncoding = 4; lastKnownFileType = sourcecode.c.objc; path = CallManagement.m; sourceTree = "<group>"; };
		F2F31F501E515E2C007405A7 /* Contact Selector.app */ = {isa = PBXFileReference; explicitFileType = wrapper.application; includeInIndex = 0; path = "Contact Selector.app"; sourceTree = BUILT_PRODUCTS_DIR; };
		F2F31F541E515E2C007405A7 /* main.m */ = {isa = PBXFileReference; lastKnownFileType = sourcecode.c.objc; path = main.m; sourceTree = "<group>"; };
		F2F31F561E515E2C007405A7 /* AppDelegate.h */ = {isa = PBXFileReference; lastKnownFileType = sourcecode.c.h; path = AppDelegate.h; sourceTree = "<group>"; };
		F2F31F571E515E2C007405A7 /* AppDelegate.m */ = {isa = PBXFileReference; lastKnownFileType = sourcecode.c.objc; path = AppDelegate.m; sourceTree = "<group>"; };
		F2F31F591E515E2C007405A7 /* ContactSelectorViewController.h */ = {isa = PBXFileReference; lastKnownFileType = sourcecode.c.h; path = ContactSelectorViewController.h; sourceTree = "<group>"; };
		F2F31F5A1E515E2C007405A7 /* ContactSelectorViewController.m */ = {isa = PBXFileReference; lastKnownFileType = sourcecode.c.objc; path = ContactSelectorViewController.m; sourceTree = "<group>"; };
		F2F31F5D1E515E2C007405A7 /* Base */ = {isa = PBXFileReference; lastKnownFileType = file.storyboard; name = Base; path = Base.lproj/Main.storyboard; sourceTree = "<group>"; };
		F2F31F5F1E515E2C007405A7 /* Assets.xcassets */ = {isa = PBXFileReference; lastKnownFileType = folder.assetcatalog; path = Assets.xcassets; sourceTree = "<group>"; };
		F2F31F621E515E2C007405A7 /* Base */ = {isa = PBXFileReference; lastKnownFileType = file.storyboard; name = Base; path = Base.lproj/LaunchScreen.storyboard; sourceTree = "<group>"; };
		F2F31F641E515E2C007405A7 /* Info.plist */ = {isa = PBXFileReference; lastKnownFileType = text.plist.xml; path = Info.plist; sourceTree = "<group>"; };
		F2F31F691E515E2C007405A7 /* Contact SelectorTests.xctest */ = {isa = PBXFileReference; explicitFileType = wrapper.cfbundle; includeInIndex = 0; path = "Contact SelectorTests.xctest"; sourceTree = BUILT_PRODUCTS_DIR; };
		F2F31F6D1E515E2C007405A7 /* Contact_SelectorTests.m */ = {isa = PBXFileReference; lastKnownFileType = sourcecode.c.objc; path = Contact_SelectorTests.m; sourceTree = "<group>"; };
		F2F31F6F1E515E2C007405A7 /* Info.plist */ = {isa = PBXFileReference; lastKnownFileType = text.plist.xml; path = Info.plist; sourceTree = "<group>"; };
		F2F31F741E515E2C007405A7 /* Contact SelectorUITests.xctest */ = {isa = PBXFileReference; explicitFileType = wrapper.cfbundle; includeInIndex = 0; path = "Contact SelectorUITests.xctest"; sourceTree = BUILT_PRODUCTS_DIR; };
		F2F31F781E515E2C007405A7 /* Contact_SelectorUITests.m */ = {isa = PBXFileReference; lastKnownFileType = sourcecode.c.objc; path = Contact_SelectorUITests.m; sourceTree = "<group>"; };
		F2F31F7A1E515E2C007405A7 /* Info.plist */ = {isa = PBXFileReference; lastKnownFileType = text.plist.xml; path = Info.plist; sourceTree = "<group>"; };
		F2F31F8E1E516221007405A7 /* CSContact.h */ = {isa = PBXFileReference; fileEncoding = 4; lastKnownFileType = sourcecode.c.h; path = CSContact.h; sourceTree = "<group>"; };
		F2F31F8F1E516221007405A7 /* CSContact.m */ = {isa = PBXFileReference; fileEncoding = 4; lastKnownFileType = sourcecode.c.objc; path = CSContact.m; sourceTree = "<group>"; };
		F2F31F951E51B06B007405A7 /* CSContactTableViewCell.h */ = {isa = PBXFileReference; fileEncoding = 4; lastKnownFileType = sourcecode.c.h; path = CSContactTableViewCell.h; sourceTree = "<group>"; };
		F2F31F961E51B06B007405A7 /* CSContactTableViewCell.m */ = {isa = PBXFileReference; fileEncoding = 4; lastKnownFileType = sourcecode.c.objc; path = CSContactTableViewCell.m; sourceTree = "<group>"; };
		F2F31F981E51B184007405A7 /* CSThumbnailView.h */ = {isa = PBXFileReference; fileEncoding = 4; lastKnownFileType = sourcecode.c.h; path = CSThumbnailView.h; sourceTree = "<group>"; };
		F2F31F991E51B184007405A7 /* CSThumbnailView.m */ = {isa = PBXFileReference; fileEncoding = 4; lastKnownFileType = sourcecode.c.objc; path = CSThumbnailView.m; sourceTree = "<group>"; };
		F2F31F9B1E52B2B5007405A7 /* CSSelectedContactCollectionViewCell.h */ = {isa = PBXFileReference; fileEncoding = 4; lastKnownFileType = sourcecode.c.h; path = CSSelectedContactCollectionViewCell.h; sourceTree = "<group>"; };
		F2F31F9C1E52B2B5007405A7 /* CSSelectedContactCollectionViewCell.m */ = {isa = PBXFileReference; fileEncoding = 4; lastKnownFileType = sourcecode.c.objc; path = CSSelectedContactCollectionViewCell.m; sourceTree = "<group>"; };
		F2F31F9F1E56E187007405A7 /* CSSearchNoResultTableViewCell.h */ = {isa = PBXFileReference; fileEncoding = 4; lastKnownFileType = sourcecode.c.h; path = CSSearchNoResultTableViewCell.h; sourceTree = "<group>"; };
		F2F31FA01E56E187007405A7 /* CSSearchNoResultTableViewCell.m */ = {isa = PBXFileReference; fileEncoding = 4; lastKnownFileType = sourcecode.c.objc; path = CSSearchNoResultTableViewCell.m; sourceTree = "<group>"; };
		F2F31FA61E5AC816007405A7 /* CSModel.h */ = {isa = PBXFileReference; fileEncoding = 4; lastKnownFileType = sourcecode.c.h; path = CSModel.h; sourceTree = "<group>"; };
		F2F31FA71E5AC816007405A7 /* CSModel.m */ = {isa = PBXFileReference; fileEncoding = 4; lastKnownFileType = sourcecode.c.objc; path = CSModel.m; sourceTree = "<group>"; };
		F2F31FA91E5AC9EB007405A7 /* CSDataProvider.h */ = {isa = PBXFileReference; fileEncoding = 4; lastKnownFileType = sourcecode.c.h; path = CSDataProvider.h; sourceTree = "<group>"; };
		F2F31FAA1E5AC9EB007405A7 /* CSDataProvider.m */ = {isa = PBXFileReference; fileEncoding = 4; lastKnownFileType = sourcecode.c.objc; path = CSDataProvider.m; sourceTree = "<group>"; };
		F2F31FAC1E5ACAE0007405A7 /* CSDataBusiness.h */ = {isa = PBXFileReference; fileEncoding = 4; lastKnownFileType = sourcecode.c.h; path = CSDataBusiness.h; sourceTree = "<group>"; };
		F2F31FAD1E5ACAE0007405A7 /* CSDataBusiness.m */ = {isa = PBXFileReference; fileEncoding = 4; lastKnownFileType = sourcecode.c.objc; path = CSDataBusiness.m; sourceTree = "<group>"; };
		F2F31FB61E5AE943007405A7 /* CSContactProvider.h */ = {isa = PBXFileReference; fileEncoding = 4; lastKnownFileType = sourcecode.c.h; path = CSContactProvider.h; sourceTree = "<group>"; };
		F2F31FB71E5AE943007405A7 /* CSContactProvider.m */ = {isa = PBXFileReference; fileEncoding = 4; lastKnownFileType = sourcecode.c.objc; path = CSContactProvider.m; sourceTree = "<group>"; };
		F2F31FB91E5AEA88007405A7 /* CSContactBusiness.h */ = {isa = PBXFileReference; fileEncoding = 4; lastKnownFileType = sourcecode.c.h; path = CSContactBusiness.h; sourceTree = "<group>"; };
		F2F31FBA1E5AEA88007405A7 /* CSContactBusiness.m */ = {isa = PBXFileReference; fileEncoding = 4; lastKnownFileType = sourcecode.c.objc; path = CSContactBusiness.m; sourceTree = "<group>"; };
		F2F31FBF1E5AF03D007405A7 /* MainViewController.h */ = {isa = PBXFileReference; fileEncoding = 4; lastKnownFileType = sourcecode.c.h; path = MainViewController.h; sourceTree = "<group>"; };
		F2F31FC01E5AF03D007405A7 /* MainViewController.m */ = {isa = PBXFileReference; fileEncoding = 4; lastKnownFileType = sourcecode.c.objc; path = MainViewController.m; sourceTree = "<group>"; };
		F2F31FC21E5AFA9D007405A7 /* CSPresenterViewController.h */ = {isa = PBXFileReference; fileEncoding = 4; lastKnownFileType = sourcecode.c.h; path = CSPresenterViewController.h; sourceTree = "<group>"; };
		F2F31FC31E5AFA9D007405A7 /* CSPresenterViewController.m */ = {isa = PBXFileReference; fileEncoding = 4; lastKnownFileType = sourcecode.c.objc; path = CSPresenterViewController.m; sourceTree = "<group>"; };
		F2F31FC71E5AFB08007405A7 /* ContactSelector.storyboard */ = {isa = PBXFileReference; fileEncoding = 4; lastKnownFileType = file.storyboard; path = ContactSelector.storyboard; sourceTree = "<group>"; };
		F2F31FCA1E5BF37E007405A7 /* LRUCache.h */ = {isa = PBXFileReference; fileEncoding = 4; lastKnownFileType = sourcecode.c.h; path = LRUCache.h; sourceTree = "<group>"; };
		F2F31FCB1E5BF37E007405A7 /* LRUCache.m */ = {isa = PBXFileReference; fileEncoding = 4; lastKnownFileType = sourcecode.c.objc; path = LRUCache.m; sourceTree = "<group>"; };
		F2F31FCE1E5BF3A1007405A7 /* LRUCacheItem.h */ = {isa = PBXFileReference; fileEncoding = 4; lastKnownFileType = sourcecode.c.h; path = LRUCacheItem.h; sourceTree = "<group>"; };
		F2F31FCF1E5BF3A1007405A7 /* LRUCacheItem.m */ = {isa = PBXFileReference; fileEncoding = 4; lastKnownFileType = sourcecode.c.objc; path = LRUCacheItem.m; sourceTree = "<group>"; };
		F2F31FD21E5BF59E007405A7 /* LRUCacheDisk.h */ = {isa = PBXFileReference; fileEncoding = 4; lastKnownFileType = sourcecode.c.h; path = LRUCacheDisk.h; sourceTree = "<group>"; };
		F2F31FD31E5BF59E007405A7 /* LRUCacheDisk.m */ = {isa = PBXFileReference; fileEncoding = 4; lastKnownFileType = sourcecode.c.objc; path = LRUCacheDisk.m; sourceTree = "<group>"; };
		F2F31FD51E5C2F51007405A7 /* LRUFileUtils.h */ = {isa = PBXFileReference; fileEncoding = 4; lastKnownFileType = sourcecode.c.h; path = LRUFileUtils.h; sourceTree = "<group>"; };
		F2F31FD61E5C2F51007405A7 /* LRUFileUtils.m */ = {isa = PBXFileReference; fileEncoding = 4; lastKnownFileType = sourcecode.c.objc; path = LRUFileUtils.m; sourceTree = "<group>"; };
		F2F31FDE1E5FF54E007405A7 /* CSThumbnailCreater.h */ = {isa = PBXFileReference; fileEncoding = 4; lastKnownFileType = sourcecode.c.h; path = CSThumbnailCreater.h; sourceTree = "<group>"; };
		F2F31FDF1E5FF54E007405A7 /* CSThumbnailCreater.m */ = {isa = PBXFileReference; fileEncoding = 4; lastKnownFileType = sourcecode.c.objc; path = CSThumbnailCreater.m; sourceTree = "<group>"; };
		F2F31FE11E5FF558007405A7 /* CSThumbnailEngine.h */ = {isa = PBXFileReference; fileEncoding = 4; lastKnownFileType = sourcecode.c.h; path = CSThumbnailEngine.h; sourceTree = "<group>"; };
		F2F31FE21E5FF558007405A7 /* CSThumbnailEngine.m */ = {isa = PBXFileReference; fileEncoding = 4; lastKnownFileType = sourcecode.c.objc; path = CSThumbnailEngine.m; sourceTree = "<group>"; };
		F2F31FE71E602895007405A7 /* MainTabBarController.h */ = {isa = PBXFileReference; fileEncoding = 4; lastKnownFileType = sourcecode.c.h; path = MainTabBarController.h; sourceTree = "<group>"; };
		F2F31FE81E602895007405A7 /* MainTabBarController.m */ = {isa = PBXFileReference; fileEncoding = 4; lastKnownFileType = sourcecode.c.objc; path = MainTabBarController.m; sourceTree = "<group>"; };
		F2F31FEC1E602A6D007405A7 /* Call.storyboard */ = {isa = PBXFileReference; fileEncoding = 4; lastKnownFileType = file.storyboard; name = Call.storyboard; path = ../Call.storyboard; sourceTree = "<group>"; };
		F2F31FEE1E602BCB007405A7 /* CallViewController.h */ = {isa = PBXFileReference; fileEncoding = 4; lastKnownFileType = sourcecode.c.h; path = CallViewController.h; sourceTree = "<group>"; };
		F2F31FEF1E602BCB007405A7 /* CallViewController.m */ = {isa = PBXFileReference; fileEncoding = 4; lastKnownFileType = sourcecode.c.objc; path = CallViewController.m; sourceTree = "<group>"; };
		F2F31FF11E602C52007405A7 /* BlockViewController.h */ = {isa = PBXFileReference; fileEncoding = 4; lastKnownFileType = sourcecode.c.h; path = BlockViewController.h; sourceTree = "<group>"; };
		F2F31FF21E602C52007405A7 /* BlockViewController.m */ = {isa = PBXFileReference; fileEncoding = 4; lastKnownFileType = sourcecode.c.objc; path = BlockViewController.m; sourceTree = "<group>"; };
		F2F31FF41E602C5F007405A7 /* Block.storyboard */ = {isa = PBXFileReference; fileEncoding = 4; lastKnownFileType = file.storyboard; path = Block.storyboard; sourceTree = "<group>"; };
		F2F31FFB1E6031D2007405A7 /* ContactViewController.h */ = {isa = PBXFileReference; fileEncoding = 4; lastKnownFileType = sourcecode.c.h; path = ContactViewController.h; sourceTree = "<group>"; };
		F2F31FFC1E6031D2007405A7 /* ContactViewController.m */ = {isa = PBXFileReference; fileEncoding = 4; lastKnownFileType = sourcecode.c.objc; path = ContactViewController.m; sourceTree = "<group>"; };
		F851B4EF959439346D64593F /* Pods-Contact Selector.debug.xcconfig */ = {isa = PBXFileReference; includeInIndex = 1; lastKnownFileType = text.xcconfig; name = "Pods-Contact Selector.debug.xcconfig"; path = "Pods/Target Support Files/Pods-Contact Selector/Pods-Contact Selector.debug.xcconfig"; sourceTree = "<group>"; };
/* End PBXFileReference section */

/* Begin PBXFrameworksBuildPhase section */
		948C32901E62A44E001F235D /* Frameworks */ = {
			isa = PBXFrameworksBuildPhase;
			buildActionMask = 2147483647;
			files = (
				948C32A21E62B2D8001F235D /* libsqlite3.tbd in Frameworks */,
				578EDD1139B8D87DEA011F52 /* libPods-Contact Selector Block.a in Frameworks */,
			);
			runOnlyForDeploymentPostprocessing = 0;
		};
		F2F31F4D1E515E2C007405A7 /* Frameworks */ = {
			isa = PBXFrameworksBuildPhase;
			buildActionMask = 2147483647;
			files = (
				948C32A11E62B2CE001F235D /* libsqlite3.tbd in Frameworks */,
				8A0D00461E5D467B002B0C67 /* Bolts.framework in Frameworks */,
				8A0D004A1E5D467B002B0C67 /* FBSDKCoreKit.framework in Frameworks */,
				8AF6AC3F1E5D8310004F84FA /* AccountKit.framework in Frameworks */,
				8A0D00411E5D467B002B0C67 /* FBSDKLoginKit.framework in Frameworks */,
				8A0D00431E5D467B002B0C67 /* FBSDKShareKit.framework in Frameworks */,
				E90A5A55B46885D16176EBD4 /* libPods-Contact Selector.a in Frameworks */,
			);
			runOnlyForDeploymentPostprocessing = 0;
		};
		F2F31F661E515E2C007405A7 /* Frameworks */ = {
			isa = PBXFrameworksBuildPhase;
			buildActionMask = 2147483647;
			files = (
				26DCB320193E9CEC657C1E1B /* libPods-Contact SelectorTests.a in Frameworks */,
			);
			runOnlyForDeploymentPostprocessing = 0;
		};
		F2F31F711E515E2C007405A7 /* Frameworks */ = {
			isa = PBXFrameworksBuildPhase;
			buildActionMask = 2147483647;
			files = (
				0FABE4C9999D4A486DA942D5 /* libPods-Contact SelectorUITests.a in Frameworks */,
			);
			runOnlyForDeploymentPostprocessing = 0;
		};
/* End PBXFrameworksBuildPhase section */

/* Begin PBXGroup section */
		1AB87B5031B8FA8576AB196B /* Pods */ = {
			isa = PBXGroup;
			children = (
				F851B4EF959439346D64593F /* Pods-Contact Selector.debug.xcconfig */,
				E02D3DAEDC5DD250CD4B84AD /* Pods-Contact Selector.release.xcconfig */,
				76EA5E48145619366A3202A2 /* Pods-Contact Selector Block.debug.xcconfig */,
				A0C761B54E8ABA5DE1E4C01E /* Pods-Contact Selector Block.release.xcconfig */,
				578CA5E5AC92B0DA3C70EB20 /* Pods-Contact SelectorTests.debug.xcconfig */,
				729CE17A86E55A9D607A7D3C /* Pods-Contact SelectorTests.release.xcconfig */,
				C41F8593C1D2E702072891AB /* Pods-Contact SelectorUITests.debug.xcconfig */,
				1E00B9514368C1F1571C2AC5 /* Pods-Contact SelectorUITests.release.xcconfig */,
			);
			name = Pods;
			sourceTree = "<group>";
		};
		8A0D004B1E5D467F002B0C67 /* Frameworks */ = {
			isa = PBXGroup;
			children = (
				948C32A01E62B2CE001F235D /* libsqlite3.tbd */,
				8AF6AC3E1E5D8310004F84FA /* AccountKit.framework */,
				8A0D00371E5D467B002B0C67 /* FBSDKLoginKit.framework */,
				8A0D00391E5D467B002B0C67 /* FBSDKShareKit.framework */,
				8A0D003C1E5D467B002B0C67 /* Bolts.framework */,
				8A0D00401E5D467B002B0C67 /* FBSDKCoreKit.framework */,
				942CF2838AAFD29F331FE0A4 /* libPods-Contact Selector.a */,
				403BF93407882A1430452A16 /* libPods-Contact Selector Block.a */,
				A7DDF31D6C8021AB98088802 /* libPods-Contact SelectorTests.a */,
				27BCF9E1FC31AFA068BD64E3 /* libPods-Contact SelectorUITests.a */,
			);
			name = Frameworks;
			path = "Contact Selector";
			sourceTree = "<group>";
		};
		8A6B9D421E655ECF002ACB87 /* Cell */ = {
			isa = PBXGroup;
			children = (
				8A6B9D3F1E655067002ACB87 /* CallCell.h */,
				8A6B9D401E655067002ACB87 /* CallCell.m */,
			);
			name = Cell;
			sourceTree = "<group>";
		};
		948C32941E62A44E001F235D /* Contact Selector Block */ = {
			isa = PBXGroup;
			children = (
				948C32951E62A44E001F235D /* CallDirectoryHandler.h */,
				948C32961E62A44E001F235D /* CallDirectoryHandler.m */,
				948C32981E62A44E001F235D /* Info.plist */,
			);
			path = "Contact Selector Block";
			sourceTree = "<group>";
		};
		948C32A31E62CB3B001F235D /* Database */ = {
			isa = PBXGroup;
			children = (
				948C32A41E62CB5E001F235D /* CSDatabaseManager.h */,
				948C32A51E62CB5E001F235D /* CSDatabaseManager.m */,
				948C32A81E62DC04001F235D /* CSBlockDatebaseManager.h */,
				948C32A91E62DC04001F235D /* CSBlockDatebaseManager.m */,
				8A6B9D331E652A4C002ACB87 /* CSCallHistoryManager.h */,
				8A6B9D341E652A4C002ACB87 /* CSCallHistoryManager.m */,
				8A6B9D3C1E652C81002ACB87 /* CSCall.h */,
				8A6B9D3D1E652C81002ACB87 /* CSCall.m */,
			);
			name = Database;
			path = "Contact Selector";
			sourceTree = "<group>";
		};
		F286040A1E640EE2002B5709 /* Block Number Adding */ = {
			isa = PBXGroup;
			children = (
				F28604071E63E5EE002B5709 /* BlockPhoneTableViewCell.h */,
				F28604081E63E5EE002B5709 /* BlockPhoneTableViewCell.m */,
				F28604041E63E005002B5709 /* BlockPhoneViewController.h */,
				F28604051E63E005002B5709 /* BlockPhoneViewController.m */,
			);
			name = "Block Number Adding";
			sourceTree = "<group>";
		};
		F286040B1E640F5B002B5709 /* Block Number Provider */ = {
			isa = PBXGroup;
			children = (
				F286040C1E640F7F002B5709 /* BlockNumberProvider.h */,
				F286040D1E640F7F002B5709 /* BlockNumberProvider.m */,
			);
			name = "Block Number Provider";
			sourceTree = "<group>";
		};
		F28604111E642306002B5709 /* ContactDetailViewController */ = {
			isa = PBXGroup;
			children = (
				F28604171E642D55002B5709 /* Cell */,
				F28604121E642331002B5709 /* ContactDetailViewController.h */,
				F28604131E642331002B5709 /* ContactDetailViewController.m */,
				F28604151E64233E002B5709 /* ContactDetail.storyboard */,
			);
			name = ContactDetailViewController;
			sourceTree = "<group>";
		};
		F28604171E642D55002B5709 /* Cell */ = {
			isa = PBXGroup;
			children = (
				F28604181E642D81002B5709 /* TopContactDetailCell.h */,
				F28604191E642D81002B5709 /* TopContactDetailCell.m */,
			);
			name = Cell;
			sourceTree = "<group>";
		};
		F286041B1E65591F002B5709 /* App */ = {
			isa = PBXGroup;
			children = (
				F2F31F561E515E2C007405A7 /* AppDelegate.h */,
				F2F31F571E515E2C007405A7 /* AppDelegate.m */,
			);
			name = App;
			sourceTree = "<group>";
		};
		F286041C1E655CC8002B5709 /* CallManagement */ = {
			isa = PBXGroup;
			children = (
				F286041D1E655E16002B5709 /* CallObserver.h */,
				F286041E1E655E16002B5709 /* CallObserver.m */,
				F28604201E656026002B5709 /* CallManagement.h */,
				F28604211E656026002B5709 /* CallManagement.m */,
			);
			name = CallManagement;
			sourceTree = "<group>";
		};
		F2F31F471E515E2B007405A7 = {
			isa = PBXGroup;
			children = (
				8A0D004B1E5D467F002B0C67 /* Frameworks */,
				948C32A31E62CB3B001F235D /* Database */,
				948C32941E62A44E001F235D /* Contact Selector Block */,
				F2F31F521E515E2C007405A7 /* Contact Selector */,
				F2F31F6C1E515E2C007405A7 /* Contact SelectorTests */,
				F2F31F771E515E2C007405A7 /* Contact SelectorUITests */,
				F2F31F511E515E2C007405A7 /* Products */,
				1AB87B5031B8FA8576AB196B /* Pods */,
			);
			sourceTree = "<group>";
		};
		F2F31F511E515E2C007405A7 /* Products */ = {
			isa = PBXGroup;
			children = (
				F2F31F501E515E2C007405A7 /* Contact Selector.app */,
				F2F31F691E515E2C007405A7 /* Contact SelectorTests.xctest */,
				F2F31F741E515E2C007405A7 /* Contact SelectorUITests.xctest */,
				948C32931E62A44E001F235D /* Contact Selector Block.appex */,
			);
			name = Products;
			sourceTree = "<group>";
		};
		F2F31F521E515E2C007405A7 /* Contact Selector */ = {
			isa = PBXGroup;
			children = (
				F286041C1E655CC8002B5709 /* CallManagement */,
				F286041B1E65591F002B5709 /* App */,
				F2F31FF61E602CA2007405A7 /* ViewController */,
				F2F31FDC1E5FF50C007405A7 /* Thumbnail Engine */,
				F2F31FC91E5B0056007405A7 /* ContactSelector */,
				F2F31FE71E602895007405A7 /* MainTabBarController.h */,
				F2F31FE81E602895007405A7 /* MainTabBarController.m */,
				F2F31F5C1E515E2C007405A7 /* Main.storyboard */,
				F2F31F5F1E515E2C007405A7 /* Assets.xcassets */,
				F2F31F611E515E2C007405A7 /* LaunchScreen.storyboard */,
				F2F31F641E515E2C007405A7 /* Info.plist */,
				F2F31F531E515E2C007405A7 /* Supporting Files */,
			);
			path = "Contact Selector";
			sourceTree = "<group>";
		};
		F2F31F531E515E2C007405A7 /* Supporting Files */ = {
			isa = PBXGroup;
			children = (
				F2F31F541E515E2C007405A7 /* main.m */,
			);
			name = "Supporting Files";
			sourceTree = "<group>";
		};
		F2F31F6C1E515E2C007405A7 /* Contact SelectorTests */ = {
			isa = PBXGroup;
			children = (
				F2F31F6D1E515E2C007405A7 /* Contact_SelectorTests.m */,
				F2F31F6F1E515E2C007405A7 /* Info.plist */,
				948C32AB1E62F02F001F235D /* TestCSBlockDatabaseManager.m */,
			);
			path = "Contact SelectorTests";
			sourceTree = "<group>";
		};
		F2F31F771E515E2C007405A7 /* Contact SelectorUITests */ = {
			isa = PBXGroup;
			children = (
				F2F31F781E515E2C007405A7 /* Contact_SelectorUITests.m */,
				F2F31F7A1E515E2C007405A7 /* Info.plist */,
			);
			path = "Contact SelectorUITests";
			sourceTree = "<group>";
		};
		F2F31F861E515E75007405A7 /* Data Provider */ = {
			isa = PBXGroup;
			children = (
				F2F31FA91E5AC9EB007405A7 /* CSDataProvider.h */,
				F2F31FAA1E5AC9EB007405A7 /* CSDataProvider.m */,
				F2F31FAC1E5ACAE0007405A7 /* CSDataBusiness.h */,
				F2F31FAD1E5ACAE0007405A7 /* CSDataBusiness.m */,
				F2F31FB61E5AE943007405A7 /* CSContactProvider.h */,
				F2F31FB71E5AE943007405A7 /* CSContactProvider.m */,
				F2F31FB91E5AEA88007405A7 /* CSContactBusiness.h */,
				F2F31FBA1E5AEA88007405A7 /* CSContactBusiness.m */,
				8AF6AC3B1E5D8091004F84FA /* FBContactProvider.h */,
				8AF6AC3C1E5D8091004F84FA /* FBContactProvider.m */,
			);
			name = "Data Provider";
			sourceTree = "<group>";
		};
		F2F31F8D1E5161FB007405A7 /* Model */ = {
			isa = PBXGroup;
			children = (
				F2F31F8E1E516221007405A7 /* CSContact.h */,
				F2F31F8F1E516221007405A7 /* CSContact.m */,
				F2F31FA61E5AC816007405A7 /* CSModel.h */,
				F2F31FA71E5AC816007405A7 /* CSModel.m */,
			);
			name = Model;
			sourceTree = "<group>";
		};
		F2F31F941E51A7A4007405A7 /* View */ = {
			isa = PBXGroup;
			children = (
				F2F31F981E51B184007405A7 /* CSThumbnailView.h */,
				F2F31F991E51B184007405A7 /* CSThumbnailView.m */,
			);
			name = View;
			sourceTree = "<group>";
		};
		F2F31F9E1E52B2CC007405A7 /* Cell */ = {
			isa = PBXGroup;
			children = (
				F2F31F951E51B06B007405A7 /* CSContactTableViewCell.h */,
				F2F31F961E51B06B007405A7 /* CSContactTableViewCell.m */,
				F2F31F9F1E56E187007405A7 /* CSSearchNoResultTableViewCell.h */,
				F2F31FA01E56E187007405A7 /* CSSearchNoResultTableViewCell.m */,
				F2F31F9B1E52B2B5007405A7 /* CSSelectedContactCollectionViewCell.h */,
				F2F31F9C1E52B2B5007405A7 /* CSSelectedContactCollectionViewCell.m */,
			);
			name = Cell;
			sourceTree = "<group>";
		};
		F2F31FC91E5B0056007405A7 /* ContactSelector */ = {
			isa = PBXGroup;
			children = (
				F2F31F9E1E52B2CC007405A7 /* Cell */,
				F2F31F941E51A7A4007405A7 /* View */,
				F2F31F8D1E5161FB007405A7 /* Model */,
				F2F31F861E515E75007405A7 /* Data Provider */,
				F2F31F591E515E2C007405A7 /* ContactSelectorViewController.h */,
				F2F31F5A1E515E2C007405A7 /* ContactSelectorViewController.m */,
				F2F31FC21E5AFA9D007405A7 /* CSPresenterViewController.h */,
				F2F31FC31E5AFA9D007405A7 /* CSPresenterViewController.m */,
				F2F31FC71E5AFB08007405A7 /* ContactSelector.storyboard */,
			);
			name = ContactSelector;
			sourceTree = "<group>";
		};
		F2F31FCD1E5BF38C007405A7 /* LRUCache */ = {
			isa = PBXGroup;
			children = (
				F2F31FD11E5BF3BB007405A7 /* Model */,
				F2F31FD51E5C2F51007405A7 /* LRUFileUtils.h */,
				F2F31FD61E5C2F51007405A7 /* LRUFileUtils.m */,
				F2F31FD21E5BF59E007405A7 /* LRUCacheDisk.h */,
				F2F31FD31E5BF59E007405A7 /* LRUCacheDisk.m */,
				F2F31FCA1E5BF37E007405A7 /* LRUCache.h */,
				F2F31FCB1E5BF37E007405A7 /* LRUCache.m */,
			);
			name = LRUCache;
			sourceTree = "<group>";
		};
		F2F31FD11E5BF3BB007405A7 /* Model */ = {
			isa = PBXGroup;
			children = (
				F2F31FCE1E5BF3A1007405A7 /* LRUCacheItem.h */,
				F2F31FCF1E5BF3A1007405A7 /* LRUCacheItem.m */,
			);
			name = Model;
			sourceTree = "<group>";
		};
		F2F31FDC1E5FF50C007405A7 /* Thumbnail Engine */ = {
			isa = PBXGroup;
			children = (
				F2F31FDD1E5FF527007405A7 /* ThumbnailCreator */,
				F2F31FCD1E5BF38C007405A7 /* LRUCache */,
				F2F31FE11E5FF558007405A7 /* CSThumbnailEngine.h */,
				F2F31FE21E5FF558007405A7 /* CSThumbnailEngine.m */,
			);
			name = "Thumbnail Engine";
			sourceTree = "<group>";
		};
		F2F31FDD1E5FF527007405A7 /* ThumbnailCreator */ = {
			isa = PBXGroup;
			children = (
				F2F31FDE1E5FF54E007405A7 /* CSThumbnailCreater.h */,
				F2F31FDF1E5FF54E007405A7 /* CSThumbnailCreater.m */,
			);
			name = ThumbnailCreator;
			sourceTree = "<group>";
		};
		F2F31FF61E602CA2007405A7 /* ViewController */ = {
			isa = PBXGroup;
			children = (
				F28604111E642306002B5709 /* ContactDetailViewController */,
				F2F31FF91E602CCD007405A7 /* ContactsViewController */,
				F2F31FF81E602CB8007405A7 /* BlockViewController */,
				F2F31FF71E602CAF007405A7 /* CallViewController */,
				F2F31FFA1E602CDF007405A7 /* Temp */,
			);
			name = ViewController;
			sourceTree = "<group>";
		};
		F2F31FF71E602CAF007405A7 /* CallViewController */ = {
			isa = PBXGroup;
			children = (
				F2F31FEE1E602BCB007405A7 /* CallViewController.h */,
				F2F31FEF1E602BCB007405A7 /* CallViewController.m */,
				F2F31FEC1E602A6D007405A7 /* Call.storyboard */,
				8A6B9D421E655ECF002ACB87 /* Cell */,
			);
			name = CallViewController;
			sourceTree = "<group>";
		};
		F2F31FF81E602CB8007405A7 /* BlockViewController */ = {
			isa = PBXGroup;
			children = (
				F286040B1E640F5B002B5709 /* Block Number Provider */,
				F286040A1E640EE2002B5709 /* Block Number Adding */,
				F2F31FF11E602C52007405A7 /* BlockViewController.h */,
				F2F31FF21E602C52007405A7 /* BlockViewController.m */,
				F2F31FF41E602C5F007405A7 /* Block.storyboard */,
			);
			name = BlockViewController;
			sourceTree = "<group>";
		};
		F2F31FF91E602CCD007405A7 /* ContactsViewController */ = {
			isa = PBXGroup;
			children = (
				F2F31FFB1E6031D2007405A7 /* ContactViewController.h */,
				F2F31FFC1E6031D2007405A7 /* ContactViewController.m */,
				F28604021E63D752002B5709 /* Contact.storyboard */,
			);
			name = ContactsViewController;
			sourceTree = "<group>";
		};
		F2F31FFA1E602CDF007405A7 /* Temp */ = {
			isa = PBXGroup;
			children = (
				F2F31FBF1E5AF03D007405A7 /* MainViewController.h */,
				F2F31FC01E5AF03D007405A7 /* MainViewController.m */,
			);
			name = Temp;
			sourceTree = "<group>";
		};
/* End PBXGroup section */

/* Begin PBXNativeTarget section */
		948C32921E62A44E001F235D /* Contact Selector Block */ = {
			isa = PBXNativeTarget;
			buildConfigurationList = 948C329E1E62A44E001F235D /* Build configuration list for PBXNativeTarget "Contact Selector Block" */;
			buildPhases = (
				FA501E849E66C9AE328E04E8 /* [CP] Check Pods Manifest.lock */,
				948C328F1E62A44E001F235D /* Sources */,
				948C32901E62A44E001F235D /* Frameworks */,
				948C32911E62A44E001F235D /* Resources */,
				2A26418767079AE97D9DD0F8 /* [CP] Embed Pods Frameworks */,
				6B8C0077F2D29FF5739E4E90 /* [CP] Copy Pods Resources */,
			);
			buildRules = (
			);
			dependencies = (
			);
			name = "Contact Selector Block";
			productName = "Contact Selector Block";
			productReference = 948C32931E62A44E001F235D /* Contact Selector Block.appex */;
			productType = "com.apple.product-type.app-extension";
		};
		F2F31F4F1E515E2C007405A7 /* Contact Selector */ = {
			isa = PBXNativeTarget;
			buildConfigurationList = F2F31F7D1E515E2C007405A7 /* Build configuration list for PBXNativeTarget "Contact Selector" */;
			buildPhases = (
				1735A31647D6E6BBC2CFB54B /* [CP] Check Pods Manifest.lock */,
				F2F31F4C1E515E2C007405A7 /* Sources */,
				F2F31F4D1E515E2C007405A7 /* Frameworks */,
				F2F31F4E1E515E2C007405A7 /* Resources */,
				948C329F1E62A44E001F235D /* Embed App Extensions */,
				14473D50080B45EAFE20B966 /* [CP] Embed Pods Frameworks */,
				0691D1E67526EC84C79DC131 /* [CP] Copy Pods Resources */,
			);
			buildRules = (
			);
			dependencies = (
				948C329A1E62A44E001F235D /* PBXTargetDependency */,
			);
			name = "Contact Selector";
			productName = "Contact Selector";
			productReference = F2F31F501E515E2C007405A7 /* Contact Selector.app */;
			productType = "com.apple.product-type.application";
		};
		F2F31F681E515E2C007405A7 /* Contact SelectorTests */ = {
			isa = PBXNativeTarget;
			buildConfigurationList = F2F31F801E515E2C007405A7 /* Build configuration list for PBXNativeTarget "Contact SelectorTests" */;
			buildPhases = (
				035B17D56EB951D5939CCED2 /* [CP] Check Pods Manifest.lock */,
				F2F31F651E515E2C007405A7 /* Sources */,
				F2F31F661E515E2C007405A7 /* Frameworks */,
				F2F31F671E515E2C007405A7 /* Resources */,
				B89B5F6A316363944F5116D8 /* [CP] Embed Pods Frameworks */,
				B1863EE596330C36CD0F7EE8 /* [CP] Copy Pods Resources */,
			);
			buildRules = (
			);
			dependencies = (
				F2F31F6B1E515E2C007405A7 /* PBXTargetDependency */,
			);
			name = "Contact SelectorTests";
			productName = "Contact SelectorTests";
			productReference = F2F31F691E515E2C007405A7 /* Contact SelectorTests.xctest */;
			productType = "com.apple.product-type.bundle.unit-test";
		};
		F2F31F731E515E2C007405A7 /* Contact SelectorUITests */ = {
			isa = PBXNativeTarget;
			buildConfigurationList = F2F31F831E515E2C007405A7 /* Build configuration list for PBXNativeTarget "Contact SelectorUITests" */;
			buildPhases = (
				650045344CF84838DC3ECFAE /* [CP] Check Pods Manifest.lock */,
				F2F31F701E515E2C007405A7 /* Sources */,
				F2F31F711E515E2C007405A7 /* Frameworks */,
				F2F31F721E515E2C007405A7 /* Resources */,
				049A9A3779C9971F14A6E750 /* [CP] Copy Pods Resources */,
			);
			buildRules = (
			);
			dependencies = (
				F2F31F761E515E2C007405A7 /* PBXTargetDependency */,
			);
			name = "Contact SelectorUITests";
			productName = "Contact SelectorUITests";
			productReference = F2F31F741E515E2C007405A7 /* Contact SelectorUITests.xctest */;
			productType = "com.apple.product-type.bundle.ui-testing";
		};
/* End PBXNativeTarget section */

/* Begin PBXProject section */
		F2F31F481E515E2B007405A7 /* Project object */ = {
			isa = PBXProject;
			attributes = {
				LastUpgradeCheck = 0820;
				ORGANIZATIONNAME = CPU11815;
				TargetAttributes = {
					948C32921E62A44E001F235D = {
						CreatedOnToolsVersion = 8.2.1;
						DevelopmentTeam = M3984GFJZF;
						ProvisioningStyle = Automatic;
					};
					F2F31F4F1E515E2C007405A7 = {
						CreatedOnToolsVersion = 8.2.1;
						DevelopmentTeam = M3984GFJZF;
						ProvisioningStyle = Automatic;
					};
					F2F31F681E515E2C007405A7 = {
						CreatedOnToolsVersion = 8.2.1;
						ProvisioningStyle = Automatic;
						TestTargetID = F2F31F4F1E515E2C007405A7;
					};
					F2F31F731E515E2C007405A7 = {
						CreatedOnToolsVersion = 8.2.1;
						ProvisioningStyle = Automatic;
						TestTargetID = F2F31F4F1E515E2C007405A7;
					};
				};
			};
			buildConfigurationList = F2F31F4B1E515E2B007405A7 /* Build configuration list for PBXProject "Contact Selector" */;
			compatibilityVersion = "Xcode 3.2";
			developmentRegion = English;
			hasScannedForEncodings = 0;
			knownRegions = (
				en,
				Base,
			);
			mainGroup = F2F31F471E515E2B007405A7;
			productRefGroup = F2F31F511E515E2C007405A7 /* Products */;
			projectDirPath = "";
			projectRoot = "";
			targets = (
				F2F31F4F1E515E2C007405A7 /* Contact Selector */,
				948C32921E62A44E001F235D /* Contact Selector Block */,
				F2F31F681E515E2C007405A7 /* Contact SelectorTests */,
				F2F31F731E515E2C007405A7 /* Contact SelectorUITests */,
			);
		};
/* End PBXProject section */

/* Begin PBXResourcesBuildPhase section */
		948C32911E62A44E001F235D /* Resources */ = {
			isa = PBXResourcesBuildPhase;
			buildActionMask = 2147483647;
			files = (
			);
			runOnlyForDeploymentPostprocessing = 0;
		};
		F2F31F4E1E515E2C007405A7 /* Resources */ = {
			isa = PBXResourcesBuildPhase;
			buildActionMask = 2147483647;
			files = (
				F2F31FF51E602C5F007405A7 /* Block.storyboard in Resources */,
				F2F31F631E515E2C007405A7 /* LaunchScreen.storyboard in Resources */,
				F2F31F601E515E2C007405A7 /* Assets.xcassets in Resources */,
				F2F31FED1E602A6D007405A7 /* Call.storyboard in Resources */,
				F2F31FC81E5AFB08007405A7 /* ContactSelector.storyboard in Resources */,
				F2F31F5E1E515E2C007405A7 /* Main.storyboard in Resources */,
				F28604161E64233E002B5709 /* ContactDetail.storyboard in Resources */,
				F28604031E63D752002B5709 /* Contact.storyboard in Resources */,
			);
			runOnlyForDeploymentPostprocessing = 0;
		};
		F2F31F671E515E2C007405A7 /* Resources */ = {
			isa = PBXResourcesBuildPhase;
			buildActionMask = 2147483647;
			files = (
			);
			runOnlyForDeploymentPostprocessing = 0;
		};
		F2F31F721E515E2C007405A7 /* Resources */ = {
			isa = PBXResourcesBuildPhase;
			buildActionMask = 2147483647;
			files = (
			);
			runOnlyForDeploymentPostprocessing = 0;
		};
/* End PBXResourcesBuildPhase section */

/* Begin PBXShellScriptBuildPhase section */
		035B17D56EB951D5939CCED2 /* [CP] Check Pods Manifest.lock */ = {
			isa = PBXShellScriptBuildPhase;
			buildActionMask = 2147483647;
			files = (
			);
			inputPaths = (
			);
			name = "[CP] Check Pods Manifest.lock";
			outputPaths = (
			);
			runOnlyForDeploymentPostprocessing = 0;
			shellPath = /bin/sh;
			shellScript = "diff \"${PODS_ROOT}/../Podfile.lock\" \"${PODS_ROOT}/Manifest.lock\" > /dev/null\nif [[ $? != 0 ]] ; then\n    cat << EOM\nerror: The sandbox is not in sync with the Podfile.lock. Run 'pod install' or update your CocoaPods installation.\nEOM\n    exit 1\nfi\n";
			showEnvVarsInLog = 0;
		};
		049A9A3779C9971F14A6E750 /* [CP] Copy Pods Resources */ = {
			isa = PBXShellScriptBuildPhase;
			buildActionMask = 2147483647;
			files = (
			);
			inputPaths = (
			);
			name = "[CP] Copy Pods Resources";
			outputPaths = (
			);
			runOnlyForDeploymentPostprocessing = 0;
			shellPath = /bin/sh;
			shellScript = "\"${SRCROOT}/Pods/Target Support Files/Pods-Contact SelectorUITests/Pods-Contact SelectorUITests-resources.sh\"\n";
			showEnvVarsInLog = 0;
		};
		0691D1E67526EC84C79DC131 /* [CP] Copy Pods Resources */ = {
			isa = PBXShellScriptBuildPhase;
			buildActionMask = 2147483647;
			files = (
			);
			inputPaths = (
			);
			name = "[CP] Copy Pods Resources";
			outputPaths = (
			);
			runOnlyForDeploymentPostprocessing = 0;
			shellPath = /bin/sh;
			shellScript = "\"${SRCROOT}/Pods/Target Support Files/Pods-Contact Selector/Pods-Contact Selector-resources.sh\"\n";
			showEnvVarsInLog = 0;
		};
		14473D50080B45EAFE20B966 /* [CP] Embed Pods Frameworks */ = {
			isa = PBXShellScriptBuildPhase;
			buildActionMask = 2147483647;
			files = (
			);
			inputPaths = (
			);
			name = "[CP] Embed Pods Frameworks";
			outputPaths = (
			);
			runOnlyForDeploymentPostprocessing = 0;
			shellPath = /bin/sh;
			shellScript = "\"${SRCROOT}/Pods/Target Support Files/Pods-Contact Selector/Pods-Contact Selector-frameworks.sh\"\n";
			showEnvVarsInLog = 0;
		};
		1735A31647D6E6BBC2CFB54B /* [CP] Check Pods Manifest.lock */ = {
			isa = PBXShellScriptBuildPhase;
			buildActionMask = 2147483647;
			files = (
			);
			inputPaths = (
			);
			name = "[CP] Check Pods Manifest.lock";
			outputPaths = (
			);
			runOnlyForDeploymentPostprocessing = 0;
			shellPath = /bin/sh;
			shellScript = "diff \"${PODS_ROOT}/../Podfile.lock\" \"${PODS_ROOT}/Manifest.lock\" > /dev/null\nif [[ $? != 0 ]] ; then\n    cat << EOM\nerror: The sandbox is not in sync with the Podfile.lock. Run 'pod install' or update your CocoaPods installation.\nEOM\n    exit 1\nfi\n";
			showEnvVarsInLog = 0;
		};
		2A26418767079AE97D9DD0F8 /* [CP] Embed Pods Frameworks */ = {
			isa = PBXShellScriptBuildPhase;
			buildActionMask = 2147483647;
			files = (
			);
			inputPaths = (
			);
			name = "[CP] Embed Pods Frameworks";
			outputPaths = (
			);
			runOnlyForDeploymentPostprocessing = 0;
			shellPath = /bin/sh;
			shellScript = "\"${SRCROOT}/Pods/Target Support Files/Pods-Contact Selector Block/Pods-Contact Selector Block-frameworks.sh\"\n";
			showEnvVarsInLog = 0;
		};
		650045344CF84838DC3ECFAE /* [CP] Check Pods Manifest.lock */ = {
			isa = PBXShellScriptBuildPhase;
			buildActionMask = 2147483647;
			files = (
			);
			inputPaths = (
			);
			name = "[CP] Check Pods Manifest.lock";
			outputPaths = (
			);
			runOnlyForDeploymentPostprocessing = 0;
			shellPath = /bin/sh;
			shellScript = "diff \"${PODS_ROOT}/../Podfile.lock\" \"${PODS_ROOT}/Manifest.lock\" > /dev/null\nif [[ $? != 0 ]] ; then\n    cat << EOM\nerror: The sandbox is not in sync with the Podfile.lock. Run 'pod install' or update your CocoaPods installation.\nEOM\n    exit 1\nfi\n";
			showEnvVarsInLog = 0;
		};
		6B8C0077F2D29FF5739E4E90 /* [CP] Copy Pods Resources */ = {
			isa = PBXShellScriptBuildPhase;
			buildActionMask = 2147483647;
			files = (
			);
			inputPaths = (
			);
			name = "[CP] Copy Pods Resources";
			outputPaths = (
			);
			runOnlyForDeploymentPostprocessing = 0;
			shellPath = /bin/sh;
			shellScript = "\"${SRCROOT}/Pods/Target Support Files/Pods-Contact Selector Block/Pods-Contact Selector Block-resources.sh\"\n";
			showEnvVarsInLog = 0;
		};
		B1863EE596330C36CD0F7EE8 /* [CP] Copy Pods Resources */ = {
			isa = PBXShellScriptBuildPhase;
			buildActionMask = 2147483647;
			files = (
			);
			inputPaths = (
			);
			name = "[CP] Copy Pods Resources";
			outputPaths = (
			);
			runOnlyForDeploymentPostprocessing = 0;
			shellPath = /bin/sh;
			shellScript = "\"${SRCROOT}/Pods/Target Support Files/Pods-Contact SelectorTests/Pods-Contact SelectorTests-resources.sh\"\n";
			showEnvVarsInLog = 0;
		};
		B89B5F6A316363944F5116D8 /* [CP] Embed Pods Frameworks */ = {
			isa = PBXShellScriptBuildPhase;
			buildActionMask = 2147483647;
			files = (
			);
			inputPaths = (
			);
			name = "[CP] Embed Pods Frameworks";
			outputPaths = (
			);
			runOnlyForDeploymentPostprocessing = 0;
			shellPath = /bin/sh;
			shellScript = "\"${SRCROOT}/Pods/Target Support Files/Pods-Contact SelectorTests/Pods-Contact SelectorTests-frameworks.sh\"\n";
			showEnvVarsInLog = 0;
		};
		FA501E849E66C9AE328E04E8 /* [CP] Check Pods Manifest.lock */ = {
			isa = PBXShellScriptBuildPhase;
			buildActionMask = 2147483647;
			files = (
			);
			inputPaths = (
			);
			name = "[CP] Check Pods Manifest.lock";
			outputPaths = (
			);
			runOnlyForDeploymentPostprocessing = 0;
			shellPath = /bin/sh;
			shellScript = "diff \"${PODS_ROOT}/../Podfile.lock\" \"${PODS_ROOT}/Manifest.lock\" > /dev/null\nif [[ $? != 0 ]] ; then\n    cat << EOM\nerror: The sandbox is not in sync with the Podfile.lock. Run 'pod install' or update your CocoaPods installation.\nEOM\n    exit 1\nfi\n";
			showEnvVarsInLog = 0;
		};
/* End PBXShellScriptBuildPhase section */

/* Begin PBXSourcesBuildPhase section */
		948C328F1E62A44E001F235D /* Sources */ = {
			isa = PBXSourcesBuildPhase;
			buildActionMask = 2147483647;
			files = (
				F28604011E63D127002B5709 /* CSBlockDatebaseManager.m in Sources */,
				F286040F1E64120D002B5709 /* CSDatabaseManager.m in Sources */,
				F28604001E63D113002B5709 /* CSContact.m in Sources */,
				948C32971E62A44E001F235D /* CallDirectoryHandler.m in Sources */,
				F28603FF1E63D10F002B5709 /* CSModel.m in Sources */,
			);
			runOnlyForDeploymentPostprocessing = 0;
		};
		F2F31F4C1E515E2C007405A7 /* Sources */ = {
			isa = PBXSourcesBuildPhase;
			buildActionMask = 2147483647;
			files = (
				F2F31F9D1E52B2B5007405A7 /* CSSelectedContactCollectionViewCell.m in Sources */,
				F2F31FD71E5C2F51007405A7 /* LRUFileUtils.m in Sources */,
				F2F31FD41E5BF59E007405A7 /* LRUCacheDisk.m in Sources */,
				8A6B9D3E1E652C81002ACB87 /* CSCall.m in Sources */,
				F2F31FA11E56E187007405A7 /* CSSearchNoResultTableViewCell.m in Sources */,
				F2F31F971E51B06B007405A7 /* CSContactTableViewCell.m in Sources */,
				F2F31FFD1E6031D2007405A7 /* ContactViewController.m in Sources */,
				F2F31FAE1E5ACAE0007405A7 /* CSDataBusiness.m in Sources */,
				F2F31F901E516221007405A7 /* CSContact.m in Sources */,
				8A6B9D411E655067002ACB87 /* CallCell.m in Sources */,
				F2F31F5B1E515E2C007405A7 /* ContactSelectorViewController.m in Sources */,
				F2F31FB81E5AE943007405A7 /* CSContactProvider.m in Sources */,
				F2F31FBB1E5AEA88007405A7 /* CSContactBusiness.m in Sources */,
				F2F31FEA1E602895007405A7 /* MainTabBarController.m in Sources */,
				F2F31FD01E5BF3A1007405A7 /* LRUCacheItem.m in Sources */,
				F286041F1E655E16002B5709 /* CallObserver.m in Sources */,
				F2F31FC51E5AFA9D007405A7 /* CSPresenterViewController.m in Sources */,
				F28604101E64120E002B5709 /* CSDatabaseManager.m in Sources */,
				F2F31F581E515E2C007405A7 /* AppDelegate.m in Sources */,
				F28604091E63E5EE002B5709 /* BlockPhoneTableViewCell.m in Sources */,
				F286041A1E642D81002B5709 /* TopContactDetailCell.m in Sources */,
				F2F31F9A1E51B184007405A7 /* CSThumbnailView.m in Sources */,
				F2F31FE01E5FF54E007405A7 /* CSThumbnailCreater.m in Sources */,
				F2F31F551E515E2C007405A7 /* main.m in Sources */,
				F2F31FE31E5FF558007405A7 /* CSThumbnailEngine.m in Sources */,
				F286040E1E640F7F002B5709 /* BlockNumberProvider.m in Sources */,
				F28604221E656026002B5709 /* CallManagement.m in Sources */,
				F28604141E642331002B5709 /* ContactDetailViewController.m in Sources */,
				948C32AA1E62DC04001F235D /* CSBlockDatebaseManager.m in Sources */,
				F2F31FF01E602BCB007405A7 /* CallViewController.m in Sources */,
				8A6B9D351E652A4C002ACB87 /* CSCallHistoryManager.m in Sources */,
				F2F31FCC1E5BF37E007405A7 /* LRUCache.m in Sources */,
				F2F31FC11E5AF03D007405A7 /* MainViewController.m in Sources */,
				8AF6AC3D1E5D8091004F84FA /* FBContactProvider.m in Sources */,
				F2F31FAB1E5AC9EB007405A7 /* CSDataProvider.m in Sources */,
				F2F31FF31E602C52007405A7 /* BlockViewController.m in Sources */,
				F2F31FA81E5AC816007405A7 /* CSModel.m in Sources */,
				F28604061E63E005002B5709 /* BlockPhoneViewController.m in Sources */,
			);
			runOnlyForDeploymentPostprocessing = 0;
		};
		F2F31F651E515E2C007405A7 /* Sources */ = {
			isa = PBXSourcesBuildPhase;
			buildActionMask = 2147483647;
			files = (
				948C32AC1E62F02F001F235D /* TestCSBlockDatabaseManager.m in Sources */,
				F2F31F6E1E515E2C007405A7 /* Contact_SelectorTests.m in Sources */,
			);
			runOnlyForDeploymentPostprocessing = 0;
		};
		F2F31F701E515E2C007405A7 /* Sources */ = {
			isa = PBXSourcesBuildPhase;
			buildActionMask = 2147483647;
			files = (
				F2F31F791E515E2C007405A7 /* Contact_SelectorUITests.m in Sources */,
			);
			runOnlyForDeploymentPostprocessing = 0;
		};
/* End PBXSourcesBuildPhase section */

/* Begin PBXTargetDependency section */
		948C329A1E62A44E001F235D /* PBXTargetDependency */ = {
			isa = PBXTargetDependency;
			target = 948C32921E62A44E001F235D /* Contact Selector Block */;
			targetProxy = 948C32991E62A44E001F235D /* PBXContainerItemProxy */;
		};
		F2F31F6B1E515E2C007405A7 /* PBXTargetDependency */ = {
			isa = PBXTargetDependency;
			target = F2F31F4F1E515E2C007405A7 /* Contact Selector */;
			targetProxy = F2F31F6A1E515E2C007405A7 /* PBXContainerItemProxy */;
		};
		F2F31F761E515E2C007405A7 /* PBXTargetDependency */ = {
			isa = PBXTargetDependency;
			target = F2F31F4F1E515E2C007405A7 /* Contact Selector */;
			targetProxy = F2F31F751E515E2C007405A7 /* PBXContainerItemProxy */;
		};
/* End PBXTargetDependency section */

/* Begin PBXVariantGroup section */
		F2F31F5C1E515E2C007405A7 /* Main.storyboard */ = {
			isa = PBXVariantGroup;
			children = (
				F2F31F5D1E515E2C007405A7 /* Base */,
			);
			name = Main.storyboard;
			sourceTree = "<group>";
		};
		F2F31F611E515E2C007405A7 /* LaunchScreen.storyboard */ = {
			isa = PBXVariantGroup;
			children = (
				F2F31F621E515E2C007405A7 /* Base */,
			);
			name = LaunchScreen.storyboard;
			sourceTree = "<group>";
		};
/* End PBXVariantGroup section */

/* Begin XCBuildConfiguration section */
		948C329C1E62A44E001F235D /* Debug */ = {
			isa = XCBuildConfiguration;
			baseConfigurationReference = 76EA5E48145619366A3202A2 /* Pods-Contact Selector Block.debug.xcconfig */;
			buildSettings = {
				ARCHS = "$(ARCHS_STANDARD_64_BIT)";
				DEVELOPMENT_TEAM = M3984GFJZF;
				INFOPLIST_FILE = "Contact Selector Block/Info.plist";
				LD_RUNPATH_SEARCH_PATHS = "$(inherited) @executable_path/Frameworks @executable_path/../../Frameworks";
				PRODUCT_BUNDLE_IDENTIFIER = "com.vng.duydv2.Contact-Selector.Contact-Selector-Block";
				PRODUCT_NAME = "$(TARGET_NAME)";
				SKIP_INSTALL = YES;
			};
			name = Debug;
		};
		948C329D1E62A44E001F235D /* Release */ = {
			isa = XCBuildConfiguration;
			baseConfigurationReference = A0C761B54E8ABA5DE1E4C01E /* Pods-Contact Selector Block.release.xcconfig */;
			buildSettings = {
				ARCHS = "$(ARCHS_STANDARD_64_BIT)";
				DEVELOPMENT_TEAM = M3984GFJZF;
				INFOPLIST_FILE = "Contact Selector Block/Info.plist";
				LD_RUNPATH_SEARCH_PATHS = "$(inherited) @executable_path/Frameworks @executable_path/../../Frameworks";
				PRODUCT_BUNDLE_IDENTIFIER = "com.vng.duydv2.Contact-Selector.Contact-Selector-Block";
				PRODUCT_NAME = "$(TARGET_NAME)";
				SKIP_INSTALL = YES;
			};
			name = Release;
		};
		F2F31F7B1E515E2C007405A7 /* Debug */ = {
			isa = XCBuildConfiguration;
			buildSettings = {
				ALWAYS_SEARCH_USER_PATHS = NO;
				CLANG_ANALYZER_NONNULL = YES;
				CLANG_CXX_LANGUAGE_STANDARD = "gnu++0x";
				CLANG_CXX_LIBRARY = "libc++";
				CLANG_ENABLE_MODULES = YES;
				CLANG_ENABLE_OBJC_ARC = YES;
				CLANG_WARN_BOOL_CONVERSION = YES;
				CLANG_WARN_CONSTANT_CONVERSION = YES;
				CLANG_WARN_DIRECT_OBJC_ISA_USAGE = YES_ERROR;
				CLANG_WARN_DOCUMENTATION_COMMENTS = YES;
				CLANG_WARN_EMPTY_BODY = YES;
				CLANG_WARN_ENUM_CONVERSION = YES;
				CLANG_WARN_INFINITE_RECURSION = YES;
				CLANG_WARN_INT_CONVERSION = YES;
				CLANG_WARN_OBJC_ROOT_CLASS = YES_ERROR;
				CLANG_WARN_SUSPICIOUS_MOVE = YES;
				CLANG_WARN_UNREACHABLE_CODE = YES;
				CLANG_WARN__DUPLICATE_METHOD_MATCH = YES;
				"CODE_SIGN_IDENTITY[sdk=iphoneos*]" = "iPhone Developer";
				COPY_PHASE_STRIP = NO;
				DEBUG_INFORMATION_FORMAT = dwarf;
				ENABLE_STRICT_OBJC_MSGSEND = YES;
				ENABLE_TESTABILITY = YES;
				GCC_C_LANGUAGE_STANDARD = gnu99;
				GCC_DYNAMIC_NO_PIC = NO;
				GCC_NO_COMMON_BLOCKS = YES;
				GCC_OPTIMIZATION_LEVEL = 0;
				GCC_PREPROCESSOR_DEFINITIONS = (
					"DEBUG=1",
					"$(inherited)",
				);
				GCC_WARN_64_TO_32_BIT_CONVERSION = YES;
				GCC_WARN_ABOUT_RETURN_TYPE = YES_ERROR;
				GCC_WARN_UNDECLARED_SELECTOR = YES;
				GCC_WARN_UNINITIALIZED_AUTOS = YES_AGGRESSIVE;
				GCC_WARN_UNUSED_FUNCTION = YES;
				GCC_WARN_UNUSED_VARIABLE = YES;
				IPHONEOS_DEPLOYMENT_TARGET = 10.2;
				MTL_ENABLE_DEBUG_INFO = YES;
				ONLY_ACTIVE_ARCH = YES;
				SDKROOT = iphoneos;
				TARGETED_DEVICE_FAMILY = "1,2";
			};
			name = Debug;
		};
		F2F31F7C1E515E2C007405A7 /* Release */ = {
			isa = XCBuildConfiguration;
			buildSettings = {
				ALWAYS_SEARCH_USER_PATHS = NO;
				CLANG_ANALYZER_NONNULL = YES;
				CLANG_CXX_LANGUAGE_STANDARD = "gnu++0x";
				CLANG_CXX_LIBRARY = "libc++";
				CLANG_ENABLE_MODULES = YES;
				CLANG_ENABLE_OBJC_ARC = YES;
				CLANG_WARN_BOOL_CONVERSION = YES;
				CLANG_WARN_CONSTANT_CONVERSION = YES;
				CLANG_WARN_DIRECT_OBJC_ISA_USAGE = YES_ERROR;
				CLANG_WARN_DOCUMENTATION_COMMENTS = YES;
				CLANG_WARN_EMPTY_BODY = YES;
				CLANG_WARN_ENUM_CONVERSION = YES;
				CLANG_WARN_INFINITE_RECURSION = YES;
				CLANG_WARN_INT_CONVERSION = YES;
				CLANG_WARN_OBJC_ROOT_CLASS = YES_ERROR;
				CLANG_WARN_SUSPICIOUS_MOVE = YES;
				CLANG_WARN_UNREACHABLE_CODE = YES;
				CLANG_WARN__DUPLICATE_METHOD_MATCH = YES;
				"CODE_SIGN_IDENTITY[sdk=iphoneos*]" = "iPhone Developer";
				COPY_PHASE_STRIP = NO;
				DEBUG_INFORMATION_FORMAT = "dwarf-with-dsym";
				ENABLE_NS_ASSERTIONS = NO;
				ENABLE_STRICT_OBJC_MSGSEND = YES;
				GCC_C_LANGUAGE_STANDARD = gnu99;
				GCC_NO_COMMON_BLOCKS = YES;
				GCC_WARN_64_TO_32_BIT_CONVERSION = YES;
				GCC_WARN_ABOUT_RETURN_TYPE = YES_ERROR;
				GCC_WARN_UNDECLARED_SELECTOR = YES;
				GCC_WARN_UNINITIALIZED_AUTOS = YES_AGGRESSIVE;
				GCC_WARN_UNUSED_FUNCTION = YES;
				GCC_WARN_UNUSED_VARIABLE = YES;
				IPHONEOS_DEPLOYMENT_TARGET = 10.2;
				MTL_ENABLE_DEBUG_INFO = NO;
				SDKROOT = iphoneos;
				TARGETED_DEVICE_FAMILY = "1,2";
				VALIDATE_PRODUCT = YES;
			};
			name = Release;
		};
		F2F31F7E1E515E2C007405A7 /* Debug */ = {
			isa = XCBuildConfiguration;
			baseConfigurationReference = F851B4EF959439346D64593F /* Pods-Contact Selector.debug.xcconfig */;
			buildSettings = {
				ASSETCATALOG_COMPILER_APPICON_NAME = AppIcon;
				DEVELOPMENT_TEAM = M3984GFJZF;
				FRAMEWORK_SEARCH_PATHS = (
					"$(inherited)",
					"$(PROJECT_DIR)/Contact\\ Selector",
					"$(PROJECT_DIR)/Contact\\ Selector",
					"$(PROJECT_DIR)/Contact\\ Selector",
					"$(PROJECT_DIR)/Contact\\ Selector",
					"$(PROJECT_DIR)/Contact\\ Selector",
					"$(PROJECT_DIR)/Contact\\ Selector",
					"$(PROJECT_DIR)/Contact\\ Selector",
					"$(PROJECT_DIR)/Contact\\ Selector",
					"$(PROJECT_DIR)/Contact\\ Selector",
					"$(PROJECT_DIR)/Contact\\ Selector",
					"$(PROJECT_DIR)/Contact\\ Selector",
					"$(PROJECT_DIR)/Contact\\ Selector",
					"$(PROJECT_DIR)",
				);
				INFOPLIST_FILE = "Contact Selector/Info.plist";
				IPHONEOS_DEPLOYMENT_TARGET = 8.0;
				LD_RUNPATH_SEARCH_PATHS = "$(inherited) @executable_path/Frameworks";
				PRODUCT_BUNDLE_IDENTIFIER = "com.vng.duydv2.Contact-Selector";
				PRODUCT_NAME = "$(TARGET_NAME)";
			};
			name = Debug;
		};
		F2F31F7F1E515E2C007405A7 /* Release */ = {
			isa = XCBuildConfiguration;
			baseConfigurationReference = E02D3DAEDC5DD250CD4B84AD /* Pods-Contact Selector.release.xcconfig */;
			buildSettings = {
				ASSETCATALOG_COMPILER_APPICON_NAME = AppIcon;
				DEVELOPMENT_TEAM = M3984GFJZF;
				FRAMEWORK_SEARCH_PATHS = (
					"$(inherited)",
					"$(PROJECT_DIR)/Contact\\ Selector",
					"$(PROJECT_DIR)/Contact\\ Selector",
					"$(PROJECT_DIR)/Contact\\ Selector",
					"$(PROJECT_DIR)/Contact\\ Selector",
					"$(PROJECT_DIR)/Contact\\ Selector",
					"$(PROJECT_DIR)/Contact\\ Selector",
					"$(PROJECT_DIR)/Contact\\ Selector",
					"$(PROJECT_DIR)/Contact\\ Selector",
					"$(PROJECT_DIR)/Contact\\ Selector",
					"$(PROJECT_DIR)/Contact\\ Selector",
					"$(PROJECT_DIR)/Contact\\ Selector",
					"$(PROJECT_DIR)/Contact\\ Selector",
					"$(PROJECT_DIR)",
				);
				INFOPLIST_FILE = "Contact Selector/Info.plist";
				IPHONEOS_DEPLOYMENT_TARGET = 8.0;
				LD_RUNPATH_SEARCH_PATHS = "$(inherited) @executable_path/Frameworks";
				PRODUCT_BUNDLE_IDENTIFIER = "com.vng.duydv2.Contact-Selector";
				PRODUCT_NAME = "$(TARGET_NAME)";
			};
			name = Release;
		};
		F2F31F811E515E2C007405A7 /* Debug */ = {
			isa = XCBuildConfiguration;
			baseConfigurationReference = 578CA5E5AC92B0DA3C70EB20 /* Pods-Contact SelectorTests.debug.xcconfig */;
			buildSettings = {
				BUNDLE_LOADER = "$(TEST_HOST)";
				INFOPLIST_FILE = "Contact SelectorTests/Info.plist";
				LD_RUNPATH_SEARCH_PATHS = "$(inherited) @executable_path/Frameworks @loader_path/Frameworks";
				PRODUCT_BUNDLE_IDENTIFIER = "com.vng.duydv2.Contact-SelectorTests";
				PRODUCT_NAME = "$(TARGET_NAME)";
				TEST_HOST = "$(BUILT_PRODUCTS_DIR)/Contact Selector.app/Contact Selector";
			};
			name = Debug;
		};
		F2F31F821E515E2C007405A7 /* Release */ = {
			isa = XCBuildConfiguration;
			baseConfigurationReference = 729CE17A86E55A9D607A7D3C /* Pods-Contact SelectorTests.release.xcconfig */;
			buildSettings = {
				BUNDLE_LOADER = "$(TEST_HOST)";
				INFOPLIST_FILE = "Contact SelectorTests/Info.plist";
				LD_RUNPATH_SEARCH_PATHS = "$(inherited) @executable_path/Frameworks @loader_path/Frameworks";
				PRODUCT_BUNDLE_IDENTIFIER = "com.vng.duydv2.Contact-SelectorTests";
				PRODUCT_NAME = "$(TARGET_NAME)";
				TEST_HOST = "$(BUILT_PRODUCTS_DIR)/Contact Selector.app/Contact Selector";
			};
			name = Release;
		};
		F2F31F841E515E2C007405A7 /* Debug */ = {
			isa = XCBuildConfiguration;
			baseConfigurationReference = C41F8593C1D2E702072891AB /* Pods-Contact SelectorUITests.debug.xcconfig */;
			buildSettings = {
				INFOPLIST_FILE = "Contact SelectorUITests/Info.plist";
				LD_RUNPATH_SEARCH_PATHS = "$(inherited) @executable_path/Frameworks @loader_path/Frameworks";
				PRODUCT_BUNDLE_IDENTIFIER = "com.vng.duydv2.Contact-SelectorUITests";
				PRODUCT_NAME = "$(TARGET_NAME)";
				TEST_TARGET_NAME = "Contact Selector";
			};
			name = Debug;
		};
		F2F31F851E515E2C007405A7 /* Release */ = {
			isa = XCBuildConfiguration;
			baseConfigurationReference = 1E00B9514368C1F1571C2AC5 /* Pods-Contact SelectorUITests.release.xcconfig */;
			buildSettings = {
				INFOPLIST_FILE = "Contact SelectorUITests/Info.plist";
				LD_RUNPATH_SEARCH_PATHS = "$(inherited) @executable_path/Frameworks @loader_path/Frameworks";
				PRODUCT_BUNDLE_IDENTIFIER = "com.vng.duydv2.Contact-SelectorUITests";
				PRODUCT_NAME = "$(TARGET_NAME)";
				TEST_TARGET_NAME = "Contact Selector";
			};
			name = Release;
		};
/* End XCBuildConfiguration section */

/* Begin XCConfigurationList section */
		948C329E1E62A44E001F235D /* Build configuration list for PBXNativeTarget "Contact Selector Block" */ = {
			isa = XCConfigurationList;
			buildConfigurations = (
				948C329C1E62A44E001F235D /* Debug */,
				948C329D1E62A44E001F235D /* Release */,
			);
			defaultConfigurationIsVisible = 0;
			defaultConfigurationName = Release;
		};
		F2F31F4B1E515E2B007405A7 /* Build configuration list for PBXProject "Contact Selector" */ = {
			isa = XCConfigurationList;
			buildConfigurations = (
				F2F31F7B1E515E2C007405A7 /* Debug */,
				F2F31F7C1E515E2C007405A7 /* Release */,
			);
			defaultConfigurationIsVisible = 0;
			defaultConfigurationName = Release;
		};
		F2F31F7D1E515E2C007405A7 /* Build configuration list for PBXNativeTarget "Contact Selector" */ = {
			isa = XCConfigurationList;
			buildConfigurations = (
				F2F31F7E1E515E2C007405A7 /* Debug */,
				F2F31F7F1E515E2C007405A7 /* Release */,
			);
			defaultConfigurationIsVisible = 0;
			defaultConfigurationName = Release;
		};
		F2F31F801E515E2C007405A7 /* Build configuration list for PBXNativeTarget "Contact SelectorTests" */ = {
			isa = XCConfigurationList;
			buildConfigurations = (
				F2F31F811E515E2C007405A7 /* Debug */,
				F2F31F821E515E2C007405A7 /* Release */,
			);
			defaultConfigurationIsVisible = 0;
			defaultConfigurationName = Release;
		};
		F2F31F831E515E2C007405A7 /* Build configuration list for PBXNativeTarget "Contact SelectorUITests" */ = {
			isa = XCConfigurationList;
			buildConfigurations = (
				F2F31F841E515E2C007405A7 /* Debug */,
				F2F31F851E515E2C007405A7 /* Release */,
			);
			defaultConfigurationIsVisible = 0;
			defaultConfigurationName = Release;
		};
/* End XCConfigurationList section */
	};
	rootObject = F2F31F481E515E2B007405A7 /* Project object */;
}
